// !$*UTF8*$!
{
	archiveVersion = 1;
	classes = {
	};
	objectVersion = 56;
	objects = {

/* Begin PBXBuildFile section */
		E115193329A0925B005E25DE /* NasaGalleryApp.swift in Sources */ = {isa = PBXBuildFile; fileRef = E115193229A0925B005E25DE /* NasaGalleryApp.swift */; };
		E115193529A0925B005E25DE /* ContentView.swift in Sources */ = {isa = PBXBuildFile; fileRef = E115193429A0925B005E25DE /* ContentView.swift */; };
		E115193729A0925C005E25DE /* Assets.xcassets in Resources */ = {isa = PBXBuildFile; fileRef = E115193629A0925C005E25DE /* Assets.xcassets */; };
		E115193A29A0925C005E25DE /* Preview Assets.xcassets in Resources */ = {isa = PBXBuildFile; fileRef = E115193929A0925C005E25DE /* Preview Assets.xcassets */; };
		E115193F29A0925C005E25DE /* NasaGallery.xcdatamodeld in Sources */ = {isa = PBXBuildFile; fileRef = E115193D29A0925C005E25DE /* NasaGallery.xcdatamodeld */; };
		E115194929A0925C005E25DE /* NasaGalleryTests.swift in Sources */ = {isa = PBXBuildFile; fileRef = E115194829A0925C005E25DE /* NasaGalleryTests.swift */; };
		E115196229A0CF0D005E25DE /* LaunchScreen.storyboard in Resources */ = {isa = PBXBuildFile; fileRef = E115196129A0CF0D005E25DE /* LaunchScreen.storyboard */; };
		E115196B29A11AC5005E25DE /* ClassService.swift in Sources */ = {isa = PBXBuildFile; fileRef = E115196A29A11AC5005E25DE /* ClassService.swift */; };
		E115196E29A11B1D005E25DE /* DependencyInjector.swift in Sources */ = {isa = PBXBuildFile; fileRef = E115196D29A11B1D005E25DE /* DependencyInjector.swift */; };
		E115197029A11B65005E25DE /* AppState.swift in Sources */ = {isa = PBXBuildFile; fileRef = E115196F29A11B65005E25DE /* AppState.swift */; };
		E115197329A11C0B005E25DE /* Loadable.swift in Sources */ = {isa = PBXBuildFile; fileRef = E115197229A11C0B005E25DE /* Loadable.swift */; };
		E115197529A11C32005E25DE /* Store.swift in Sources */ = {isa = PBXBuildFile; fileRef = E115197429A11C32005E25DE /* Store.swift */; };
		E115197729A11C45005E25DE /* CancelBag.swift in Sources */ = {isa = PBXBuildFile; fileRef = E115197629A11C45005E25DE /* CancelBag.swift */; };
		E115197F29A12019005E25DE /* ImageModel.swift in Sources */ = {isa = PBXBuildFile; fileRef = E115197E29A12019005E25DE /* ImageModel.swift */; };
		E115198129A123F7005E25DE /* GalleryRepository.swift in Sources */ = {isa = PBXBuildFile; fileRef = E115198029A123F7005E25DE /* GalleryRepository.swift */; };
		E115198329A12462005E25DE /* GalleryUseCase.swift in Sources */ = {isa = PBXBuildFile; fileRef = E115198229A12462005E25DE /* GalleryUseCase.swift */; };
		E115198529A124E2005E25DE /* UseCase.swift in Sources */ = {isa = PBXBuildFile; fileRef = E115198429A124E2005E25DE /* UseCase.swift */; };
		E115198729A12603005E25DE /* GalleryRepositoryImplementation.swift in Sources */ = {isa = PBXBuildFile; fileRef = E115198629A12603005E25DE /* GalleryRepositoryImplementation.swift */; };
		E115198929A12A48005E25DE /* GalleryView.swift in Sources */ = {isa = PBXBuildFile; fileRef = E115198829A12A48005E25DE /* GalleryView.swift */; };
		E115198B29A12A5B005E25DE /* GalleryViewModel.swift in Sources */ = {isa = PBXBuildFile; fileRef = E115198A29A12A5B005E25DE /* GalleryViewModel.swift */; };
		E115198D29A13F5E005E25DE /* ActivityIndicator.swift in Sources */ = {isa = PBXBuildFile; fileRef = E115198C29A13F5E005E25DE /* ActivityIndicator.swift */; };
		E115198F29A14E90005E25DE /* Extensions.swift in Sources */ = {isa = PBXBuildFile; fileRef = E115198E29A14E90005E25DE /* Extensions.swift */; };
		E115199229A1D33C005E25DE /* Network.swift in Sources */ = {isa = PBXBuildFile; fileRef = E115199129A1D33C005E25DE /* Network.swift */; };
		E115199429A1D99E005E25DE /* GalleryImageDetailView.swift in Sources */ = {isa = PBXBuildFile; fileRef = E115199329A1D99E005E25DE /* GalleryImageDetailView.swift */; };
		E115199629A1DD9D005E25DE /* PagingView.swift in Sources */ = {isa = PBXBuildFile; fileRef = E115199529A1DD9D005E25DE /* PagingView.swift */; };
		E115199B29A38A8A005E25DE /* CachedAsyncImage in Frameworks */ = {isa = PBXBuildFile; productRef = E115199A29A38A8A005E25DE /* CachedAsyncImage */; };
		E11519A129A3AC35005E25DE /* GalleryUseCase.swift in Sources */ = {isa = PBXBuildFile; fileRef = E115198229A12462005E25DE /* GalleryUseCase.swift */; };
		E11519A229A3AC40005E25DE /* GalleryUseCase.swift in Sources */ = {isa = PBXBuildFile; fileRef = E115198229A12462005E25DE /* GalleryUseCase.swift */; };
		E11519A429A3DCED005E25DE /* GalleryRepository.swift in Sources */ = {isa = PBXBuildFile; fileRef = E115198029A123F7005E25DE /* GalleryRepository.swift */; };
		E11519A529A3DCF8005E25DE /* UseCase.swift in Sources */ = {isa = PBXBuildFile; fileRef = E115198429A124E2005E25DE /* UseCase.swift */; };
		E11519A629A3DCFE005E25DE /* GalleryRepositoryImplementation.swift in Sources */ = {isa = PBXBuildFile; fileRef = E115198629A12603005E25DE /* GalleryRepositoryImplementation.swift */; };
		E11519A729A3DD2E005E25DE /* ImageModel.swift in Sources */ = {isa = PBXBuildFile; fileRef = E115197E29A12019005E25DE /* ImageModel.swift */; };
		E11519A829A3DD52005E25DE /* UseCase.swift in Sources */ = {isa = PBXBuildFile; fileRef = E115198429A124E2005E25DE /* UseCase.swift */; };
		E11519A929A3DD6B005E25DE /* GalleryRepository.swift in Sources */ = {isa = PBXBuildFile; fileRef = E115198029A123F7005E25DE /* GalleryRepository.swift */; };
		E11519AA29A3DD85005E25DE /* ImageModel.swift in Sources */ = {isa = PBXBuildFile; fileRef = E115197E29A12019005E25DE /* ImageModel.swift */; };
		E11519AB29A3EAF5005E25DE /* WorkSans-Regular.ttf in Resources */ = {isa = PBXBuildFile; fileRef = E115199F29A39B29005E25DE /* WorkSans-Regular.ttf */; };
		E11519AE29A3EBC9005E25DE /* SimpleToast in Frameworks */ = {isa = PBXBuildFile; productRef = E11519AD29A3EBC9005E25DE /* SimpleToast */; };
/* End PBXBuildFile section */

/* Begin PBXContainerItemProxy section */
		E115194529A0925C005E25DE /* PBXContainerItemProxy */ = {
			isa = PBXContainerItemProxy;
			containerPortal = E115192729A0925B005E25DE /* Project object */;
			proxyType = 1;
			remoteGlobalIDString = E115192E29A0925B005E25DE;
			remoteInfo = NasaGallery;
		};
		E115194F29A0925C005E25DE /* PBXContainerItemProxy */ = {
			isa = PBXContainerItemProxy;
			containerPortal = E115192729A0925B005E25DE /* Project object */;
			proxyType = 1;
			remoteGlobalIDString = E115192E29A0925B005E25DE;
			remoteInfo = NasaGallery;
		};
/* End PBXContainerItemProxy section */

/* Begin PBXFileReference section */
		E115192F29A0925B005E25DE /* NasaGallery.app */ = {isa = PBXFileReference; explicitFileType = wrapper.application; includeInIndex = 0; path = NasaGallery.app; sourceTree = BUILT_PRODUCTS_DIR; };
		E115193229A0925B005E25DE /* NasaGalleryApp.swift */ = {isa = PBXFileReference; lastKnownFileType = sourcecode.swift; path = NasaGalleryApp.swift; sourceTree = "<group>"; };
		E115193429A0925B005E25DE /* ContentView.swift */ = {isa = PBXFileReference; lastKnownFileType = sourcecode.swift; path = ContentView.swift; sourceTree = "<group>"; };
		E115193629A0925C005E25DE /* Assets.xcassets */ = {isa = PBXFileReference; lastKnownFileType = folder.assetcatalog; path = Assets.xcassets; sourceTree = "<group>"; };
		E115193929A0925C005E25DE /* Preview Assets.xcassets */ = {isa = PBXFileReference; lastKnownFileType = folder.assetcatalog; path = "Preview Assets.xcassets"; sourceTree = "<group>"; };
		E115193E29A0925C005E25DE /* NasaGallery.xcdatamodel */ = {isa = PBXFileReference; lastKnownFileType = wrapper.xcdatamodel; path = NasaGallery.xcdatamodel; sourceTree = "<group>"; };
		E115194429A0925C005E25DE /* NasaGalleryTests.xctest */ = {isa = PBXFileReference; explicitFileType = wrapper.cfbundle; includeInIndex = 0; path = NasaGalleryTests.xctest; sourceTree = BUILT_PRODUCTS_DIR; };
		E115194829A0925C005E25DE /* NasaGalleryTests.swift */ = {isa = PBXFileReference; lastKnownFileType = sourcecode.swift; path = NasaGalleryTests.swift; sourceTree = "<group>"; };
		E115194E29A0925C005E25DE /* NasaGalleryUITests.xctest */ = {isa = PBXFileReference; explicitFileType = wrapper.cfbundle; includeInIndex = 0; path = NasaGalleryUITests.xctest; sourceTree = BUILT_PRODUCTS_DIR; };
		E115196129A0CF0D005E25DE /* LaunchScreen.storyboard */ = {isa = PBXFileReference; lastKnownFileType = file.storyboard; path = LaunchScreen.storyboard; sourceTree = "<group>"; };
		E115196A29A11AC5005E25DE /* ClassService.swift */ = {isa = PBXFileReference; lastKnownFileType = sourcecode.swift; path = ClassService.swift; sourceTree = "<group>"; };
		E115196D29A11B1D005E25DE /* DependencyInjector.swift */ = {isa = PBXFileReference; lastKnownFileType = sourcecode.swift; path = DependencyInjector.swift; sourceTree = "<group>"; };
		E115196F29A11B65005E25DE /* AppState.swift */ = {isa = PBXFileReference; lastKnownFileType = sourcecode.swift; path = AppState.swift; sourceTree = "<group>"; };
		E115197229A11C0B005E25DE /* Loadable.swift */ = {isa = PBXFileReference; lastKnownFileType = sourcecode.swift; path = Loadable.swift; sourceTree = "<group>"; };
		E115197429A11C32005E25DE /* Store.swift */ = {isa = PBXFileReference; lastKnownFileType = sourcecode.swift; path = Store.swift; sourceTree = "<group>"; };
		E115197629A11C45005E25DE /* CancelBag.swift */ = {isa = PBXFileReference; lastKnownFileType = sourcecode.swift; path = CancelBag.swift; sourceTree = "<group>"; };
		E115197E29A12019005E25DE /* ImageModel.swift */ = {isa = PBXFileReference; lastKnownFileType = sourcecode.swift; path = ImageModel.swift; sourceTree = "<group>"; };
		E115198029A123F7005E25DE /* GalleryRepository.swift */ = {isa = PBXFileReference; lastKnownFileType = sourcecode.swift; path = GalleryRepository.swift; sourceTree = "<group>"; };
		E115198229A12462005E25DE /* GalleryUseCase.swift */ = {isa = PBXFileReference; lastKnownFileType = sourcecode.swift; path = GalleryUseCase.swift; sourceTree = "<group>"; };
		E115198429A124E2005E25DE /* UseCase.swift */ = {isa = PBXFileReference; lastKnownFileType = sourcecode.swift; path = UseCase.swift; sourceTree = "<group>"; };
		E115198629A12603005E25DE /* GalleryRepositoryImplementation.swift */ = {isa = PBXFileReference; lastKnownFileType = sourcecode.swift; path = GalleryRepositoryImplementation.swift; sourceTree = "<group>"; };
		E115198829A12A48005E25DE /* GalleryView.swift */ = {isa = PBXFileReference; lastKnownFileType = sourcecode.swift; path = GalleryView.swift; sourceTree = "<group>"; };
		E115198A29A12A5B005E25DE /* GalleryViewModel.swift */ = {isa = PBXFileReference; lastKnownFileType = sourcecode.swift; path = GalleryViewModel.swift; sourceTree = "<group>"; };
		E115198C29A13F5E005E25DE /* ActivityIndicator.swift */ = {isa = PBXFileReference; lastKnownFileType = sourcecode.swift; path = ActivityIndicator.swift; sourceTree = "<group>"; };
		E115198E29A14E90005E25DE /* Extensions.swift */ = {isa = PBXFileReference; lastKnownFileType = sourcecode.swift; path = Extensions.swift; sourceTree = "<group>"; };
		E115199129A1D33C005E25DE /* Network.swift */ = {isa = PBXFileReference; lastKnownFileType = sourcecode.swift; path = Network.swift; sourceTree = "<group>"; };
		E115199329A1D99E005E25DE /* GalleryImageDetailView.swift */ = {isa = PBXFileReference; lastKnownFileType = sourcecode.swift; path = GalleryImageDetailView.swift; sourceTree = "<group>"; };
		E115199529A1DD9D005E25DE /* PagingView.swift */ = {isa = PBXFileReference; lastKnownFileType = sourcecode.swift; path = PagingView.swift; sourceTree = "<group>"; };
		E115199F29A39B29005E25DE /* WorkSans-Regular.ttf */ = {isa = PBXFileReference; lastKnownFileType = file; path = "WorkSans-Regular.ttf"; sourceTree = "<group>"; };
		E11519A029A39BBA005E25DE /* Info.plist */ = {isa = PBXFileReference; lastKnownFileType = text.plist; path = Info.plist; sourceTree = "<group>"; };
/* End PBXFileReference section */

/* Begin PBXFrameworksBuildPhase section */
		E115192C29A0925B005E25DE /* Frameworks */ = {
			isa = PBXFrameworksBuildPhase;
			buildActionMask = 2147483647;
			files = (
				E11519AE29A3EBC9005E25DE /* SimpleToast in Frameworks */,
				E115199B29A38A8A005E25DE /* CachedAsyncImage in Frameworks */,
			);
			runOnlyForDeploymentPostprocessing = 0;
		};
		E115194129A0925C005E25DE /* Frameworks */ = {
			isa = PBXFrameworksBuildPhase;
			buildActionMask = 2147483647;
			files = (
			);
			runOnlyForDeploymentPostprocessing = 0;
		};
		E115194B29A0925C005E25DE /* Frameworks */ = {
			isa = PBXFrameworksBuildPhase;
			buildActionMask = 2147483647;
			files = (
			);
			runOnlyForDeploymentPostprocessing = 0;
		};
/* End PBXFrameworksBuildPhase section */

/* Begin PBXGroup section */
		E115192629A0925B005E25DE = {
			isa = PBXGroup;
			children = (
				E115193129A0925B005E25DE /* NasaGallery */,
				E115194729A0925C005E25DE /* NasaGalleryTests */,
				E115193029A0925B005E25DE /* Products */,
			);
			sourceTree = "<group>";
		};
		E115193029A0925B005E25DE /* Products */ = {
			isa = PBXGroup;
			children = (
				E115192F29A0925B005E25DE /* NasaGallery.app */,
				E115194429A0925C005E25DE /* NasaGalleryTests.xctest */,
				E115194E29A0925C005E25DE /* NasaGalleryUITests.xctest */,
			);
			name = Products;
			sourceTree = "<group>";
		};
		E115193129A0925B005E25DE /* NasaGallery */ = {
			isa = PBXGroup;
			children = (
				E11519A029A39BBA005E25DE /* Info.plist */,
				E115199D29A39A50005E25DE /* Resources */,
				E115197129A11BF7005E25DE /* Helpers */,
				E115196C29A11AEC005E25DE /* DI */,
				E115196829A11A5E005E25DE /* Domian */,
				E115196329A11979005E25DE /* Features */,
				E115193229A0925B005E25DE /* NasaGalleryApp.swift */,
				E115193429A0925B005E25DE /* ContentView.swift */,
				E115193D29A0925C005E25DE /* NasaGallery.xcdatamodeld */,
				E115193829A0925C005E25DE /* Preview Content */,
				E115196129A0CF0D005E25DE /* LaunchScreen.storyboard */,
			);
			path = NasaGallery;
			sourceTree = "<group>";
		};
		E115193829A0925C005E25DE /* Preview Content */ = {
			isa = PBXGroup;
			children = (
				E115193929A0925C005E25DE /* Preview Assets.xcassets */,
			);
			path = "Preview Content";
			sourceTree = "<group>";
		};
		E115194729A0925C005E25DE /* NasaGalleryTests */ = {
			isa = PBXGroup;
			children = (
				E115194829A0925C005E25DE /* NasaGalleryTests.swift */,
			);
			path = NasaGalleryTests;
			sourceTree = "<group>";
		};
		E115196329A11979005E25DE /* Features */ = {
			isa = PBXGroup;
			children = (
				E115199029A1D328005E25DE /* Network */,
				E115196429A1199C005E25DE /* Gallery */,
			);
			path = Features;
			sourceTree = "<group>";
		};
		E115196429A1199C005E25DE /* Gallery */ = {
			isa = PBXGroup;
			children = (
				E115196729A119D1005E25DE /* Presentation */,
				E115196629A119C6005E25DE /* Domain */,
				E115196529A119B3005E25DE /* Data */,
			);
			path = Gallery;
			sourceTree = "<group>";
		};
		E115196529A119B3005E25DE /* Data */ = {
			isa = PBXGroup;
			children = (
				E115197A29A11FC3005E25DE /* Repository */,
			);
			path = Data;
			sourceTree = "<group>";
		};
		E115196629A119C6005E25DE /* Domain */ = {
			isa = PBXGroup;
			children = (
				E115197D29A11FFD005E25DE /* UseCase */,
				E115197C29A11FE6005E25DE /* RepositoryInterface */,
				E115197B29A11FDB005E25DE /* Model */,
			);
			path = Domain;
			sourceTree = "<group>";
		};
		E115196729A119D1005E25DE /* Presentation */ = {
			isa = PBXGroup;
			children = (
				E115198829A12A48005E25DE /* GalleryView.swift */,
				E115198A29A12A5B005E25DE /* GalleryViewModel.swift */,
				E115199329A1D99E005E25DE /* GalleryImageDetailView.swift */,
				E115199529A1DD9D005E25DE /* PagingView.swift */,
			);
			path = Presentation;
			sourceTree = "<group>";
		};
		E115196829A11A5E005E25DE /* Domian */ = {
			isa = PBXGroup;
			children = (
				E115196929A11AA0005E25DE /* Services */,
			);
			path = Domian;
			sourceTree = "<group>";
		};
		E115196929A11AA0005E25DE /* Services */ = {
			isa = PBXGroup;
			children = (
				E115196A29A11AC5005E25DE /* ClassService.swift */,
			);
			path = Services;
			sourceTree = "<group>";
		};
		E115196C29A11AEC005E25DE /* DI */ = {
			isa = PBXGroup;
			children = (
				E115196D29A11B1D005E25DE /* DependencyInjector.swift */,
				E115196F29A11B65005E25DE /* AppState.swift */,
			);
			path = DI;
			sourceTree = "<group>";
		};
		E115197129A11BF7005E25DE /* Helpers */ = {
			isa = PBXGroup;
			children = (
				E115197229A11C0B005E25DE /* Loadable.swift */,
				E115197429A11C32005E25DE /* Store.swift */,
				E115197629A11C45005E25DE /* CancelBag.swift */,
				E115198429A124E2005E25DE /* UseCase.swift */,
				E115198C29A13F5E005E25DE /* ActivityIndicator.swift */,
				E115198E29A14E90005E25DE /* Extensions.swift */,
			);
			path = Helpers;
			sourceTree = "<group>";
		};
		E115197A29A11FC3005E25DE /* Repository */ = {
			isa = PBXGroup;
			children = (
				E115198629A12603005E25DE /* GalleryRepositoryImplementation.swift */,
			);
			path = Repository;
			sourceTree = "<group>";
		};
		E115197B29A11FDB005E25DE /* Model */ = {
			isa = PBXGroup;
			children = (
				E115197E29A12019005E25DE /* ImageModel.swift */,
			);
			path = Model;
			sourceTree = "<group>";
		};
		E115197C29A11FE6005E25DE /* RepositoryInterface */ = {
			isa = PBXGroup;
			children = (
				E115198029A123F7005E25DE /* GalleryRepository.swift */,
			);
			path = RepositoryInterface;
			sourceTree = "<group>";
		};
		E115197D29A11FFD005E25DE /* UseCase */ = {
			isa = PBXGroup;
			children = (
				E115198229A12462005E25DE /* GalleryUseCase.swift */,
			);
			path = UseCase;
			sourceTree = "<group>";
		};
		E115199029A1D328005E25DE /* Network */ = {
			isa = PBXGroup;
			children = (
				E115199129A1D33C005E25DE /* Network.swift */,
			);
			name = Network;
			sourceTree = "<group>";
		};
		E115199D29A39A50005E25DE /* Resources */ = {
			isa = PBXGroup;
			children = (
				E115199E29A39A6E005E25DE /* Fonts */,
				E115193629A0925C005E25DE /* Assets.xcassets */,
			);
			path = Resources;
			sourceTree = "<group>";
		};
		E115199E29A39A6E005E25DE /* Fonts */ = {
			isa = PBXGroup;
			children = (
				E115199F29A39B29005E25DE /* WorkSans-Regular.ttf */,
			);
			path = Fonts;
			sourceTree = "<group>";
		};
/* End PBXGroup section */

/* Begin PBXNativeTarget section */
		E115192E29A0925B005E25DE /* NasaGallery */ = {
			isa = PBXNativeTarget;
			buildConfigurationList = E115195829A0925C005E25DE /* Build configuration list for PBXNativeTarget "NasaGallery" */;
			buildPhases = (
				E115192B29A0925B005E25DE /* Sources */,
				E115192C29A0925B005E25DE /* Frameworks */,
				E115192D29A0925B005E25DE /* Resources */,
			);
			buildRules = (
			);
			dependencies = (
			);
			name = NasaGallery;
			packageProductDependencies = (
				E115199A29A38A8A005E25DE /* CachedAsyncImage */,
				E11519AD29A3EBC9005E25DE /* SimpleToast */,
			);
			productName = NasaGallery;
			productReference = E115192F29A0925B005E25DE /* NasaGallery.app */;
			productType = "com.apple.product-type.application";
		};
		E115194329A0925C005E25DE /* NasaGalleryTests */ = {
			isa = PBXNativeTarget;
			buildConfigurationList = E115195B29A0925C005E25DE /* Build configuration list for PBXNativeTarget "NasaGalleryTests" */;
			buildPhases = (
				E115194029A0925C005E25DE /* Sources */,
				E115194129A0925C005E25DE /* Frameworks */,
				E115194229A0925C005E25DE /* Resources */,
			);
			buildRules = (
			);
			dependencies = (
				E115194629A0925C005E25DE /* PBXTargetDependency */,
			);
			name = NasaGalleryTests;
			productName = NasaGalleryTests;
			productReference = E115194429A0925C005E25DE /* NasaGalleryTests.xctest */;
			productType = "com.apple.product-type.bundle.unit-test";
		};
		E115194D29A0925C005E25DE /* NasaGalleryUITests */ = {
			isa = PBXNativeTarget;
			buildConfigurationList = E115195E29A0925C005E25DE /* Build configuration list for PBXNativeTarget "NasaGalleryUITests" */;
			buildPhases = (
				E115194A29A0925C005E25DE /* Sources */,
				E115194B29A0925C005E25DE /* Frameworks */,
				E115194C29A0925C005E25DE /* Resources */,
			);
			buildRules = (
			);
			dependencies = (
				E115195029A0925C005E25DE /* PBXTargetDependency */,
			);
			name = NasaGalleryUITests;
			productName = NasaGalleryUITests;
			productReference = E115194E29A0925C005E25DE /* NasaGalleryUITests.xctest */;
			productType = "com.apple.product-type.bundle.ui-testing";
		};
/* End PBXNativeTarget section */

/* Begin PBXProject section */
		E115192729A0925B005E25DE /* Project object */ = {
			isa = PBXProject;
			attributes = {
				BuildIndependentTargetsInParallel = 1;
				LastSwiftUpdateCheck = 1420;
				LastUpgradeCheck = 1420;
				TargetAttributes = {
					E115192E29A0925B005E25DE = {
						CreatedOnToolsVersion = 14.2;
					};
					E115194329A0925C005E25DE = {
						CreatedOnToolsVersion = 14.2;
						TestTargetID = E115192E29A0925B005E25DE;
					};
					E115194D29A0925C005E25DE = {
						CreatedOnToolsVersion = 14.2;
						TestTargetID = E115192E29A0925B005E25DE;
					};
				};
			};
			buildConfigurationList = E115192A29A0925B005E25DE /* Build configuration list for PBXProject "NasaGallery" */;
			compatibilityVersion = "Xcode 14.0";
			developmentRegion = en;
			hasScannedForEncodings = 0;
			knownRegions = (
				en,
				Base,
			);
			mainGroup = E115192629A0925B005E25DE;
			packageReferences = (
				E115199929A38A8A005E25DE /* XCRemoteSwiftPackageReference "swiftui-cached-async-image" */,
				E11519AC29A3EBC9005E25DE /* XCRemoteSwiftPackageReference "SimpleToast" */,
			);
			productRefGroup = E115193029A0925B005E25DE /* Products */;
			projectDirPath = "";
			projectRoot = "";
			targets = (
				E115192E29A0925B005E25DE /* NasaGallery */,
				E115194329A0925C005E25DE /* NasaGalleryTests */,
				E115194D29A0925C005E25DE /* NasaGalleryUITests */,
			);
		};
/* End PBXProject section */

/* Begin PBXResourcesBuildPhase section */
		E115192D29A0925B005E25DE /* Resources */ = {
			isa = PBXResourcesBuildPhase;
			buildActionMask = 2147483647;
			files = (
				E115196229A0CF0D005E25DE /* LaunchScreen.storyboard in Resources */,
				E115193A29A0925C005E25DE /* Preview Assets.xcassets in Resources */,
				E115193729A0925C005E25DE /* Assets.xcassets in Resources */,
				E11519AB29A3EAF5005E25DE /* WorkSans-Regular.ttf in Resources */,
			);
			runOnlyForDeploymentPostprocessing = 0;
		};
		E115194229A0925C005E25DE /* Resources */ = {
			isa = PBXResourcesBuildPhase;
			buildActionMask = 2147483647;
			files = (
			);
			runOnlyForDeploymentPostprocessing = 0;
		};
		E115194C29A0925C005E25DE /* Resources */ = {
			isa = PBXResourcesBuildPhase;
			buildActionMask = 2147483647;
			files = (
			);
			runOnlyForDeploymentPostprocessing = 0;
		};
/* End PBXResourcesBuildPhase section */

/* Begin PBXSourcesBuildPhase section */
		E115192B29A0925B005E25DE /* Sources */ = {
			isa = PBXSourcesBuildPhase;
			buildActionMask = 2147483647;
			files = (
				E115199429A1D99E005E25DE /* GalleryImageDetailView.swift in Sources */,
				E115196B29A11AC5005E25DE /* ClassService.swift in Sources */,
				E115198F29A14E90005E25DE /* Extensions.swift in Sources */,
				E115199629A1DD9D005E25DE /* PagingView.swift in Sources */,
				E115197F29A12019005E25DE /* ImageModel.swift in Sources */,
				E115197329A11C0B005E25DE /* Loadable.swift in Sources */,
				E115196E29A11B1D005E25DE /* DependencyInjector.swift in Sources */,
				E115198929A12A48005E25DE /* GalleryView.swift in Sources */,
				E115197529A11C32005E25DE /* Store.swift in Sources */,
				E115193529A0925B005E25DE /* ContentView.swift in Sources */,
				E115198529A124E2005E25DE /* UseCase.swift in Sources */,
				E115198129A123F7005E25DE /* GalleryRepository.swift in Sources */,
				E115198729A12603005E25DE /* GalleryRepositoryImplementation.swift in Sources */,
				E115197729A11C45005E25DE /* CancelBag.swift in Sources */,
				E115199229A1D33C005E25DE /* Network.swift in Sources */,
				E115198329A12462005E25DE /* GalleryUseCase.swift in Sources */,
				E115197029A11B65005E25DE /* AppState.swift in Sources */,
				E115198B29A12A5B005E25DE /* GalleryViewModel.swift in Sources */,
				E115193329A0925B005E25DE /* NasaGalleryApp.swift in Sources */,
				E115193F29A0925C005E25DE /* NasaGallery.xcdatamodeld in Sources */,
				E115198D29A13F5E005E25DE /* ActivityIndicator.swift in Sources */,
			);
			runOnlyForDeploymentPostprocessing = 0;
		};
		E115194029A0925C005E25DE /* Sources */ = {
			isa = PBXSourcesBuildPhase;
			buildActionMask = 2147483647;
			files = (
				E11519A129A3AC35005E25DE /* GalleryUseCase.swift in Sources */,
				E11519A729A3DD2E005E25DE /* ImageModel.swift in Sources */,
				E11519A629A3DCFE005E25DE /* GalleryRepositoryImplementation.swift in Sources */,
				E11519A529A3DCF8005E25DE /* UseCase.swift in Sources */,
				E11519A429A3DCED005E25DE /* GalleryRepository.swift in Sources */,
				E115194929A0925C005E25DE /* NasaGalleryTests.swift in Sources */,
			);
			runOnlyForDeploymentPostprocessing = 0;
		};
		E115194A29A0925C005E25DE /* Sources */ = {
			isa = PBXSourcesBuildPhase;
			buildActionMask = 2147483647;
			files = (
				E11519A229A3AC40005E25DE /* GalleryUseCase.swift in Sources */,
				E11519A929A3DD6B005E25DE /* GalleryRepository.swift in Sources */,
				E11519A829A3DD52005E25DE /* UseCase.swift in Sources */,
				E11519AA29A3DD85005E25DE /* ImageModel.swift in Sources */,
			);
			runOnlyForDeploymentPostprocessing = 0;
		};
/* End PBXSourcesBuildPhase section */

/* Begin PBXTargetDependency section */
		E115194629A0925C005E25DE /* PBXTargetDependency */ = {
			isa = PBXTargetDependency;
			target = E115192E29A0925B005E25DE /* NasaGallery */;
			targetProxy = E115194529A0925C005E25DE /* PBXContainerItemProxy */;
		};
		E115195029A0925C005E25DE /* PBXTargetDependency */ = {
			isa = PBXTargetDependency;
			target = E115192E29A0925B005E25DE /* NasaGallery */;
			targetProxy = E115194F29A0925C005E25DE /* PBXContainerItemProxy */;
		};
/* End PBXTargetDependency section */

/* Begin XCBuildConfiguration section */
		E115195629A0925C005E25DE /* Debug */ = {
			isa = XCBuildConfiguration;
			buildSettings = {
				ALWAYS_SEARCH_USER_PATHS = NO;
				CLANG_ANALYZER_NONNULL = YES;
				CLANG_ANALYZER_NUMBER_OBJECT_CONVERSION = YES_AGGRESSIVE;
				CLANG_CXX_LANGUAGE_STANDARD = "gnu++20";
				CLANG_ENABLE_MODULES = YES;
				CLANG_ENABLE_OBJC_ARC = YES;
				CLANG_ENABLE_OBJC_WEAK = YES;
				CLANG_WARN_BLOCK_CAPTURE_AUTORELEASING = YES;
				CLANG_WARN_BOOL_CONVERSION = YES;
				CLANG_WARN_COMMA = YES;
				CLANG_WARN_CONSTANT_CONVERSION = YES;
				CLANG_WARN_DEPRECATED_OBJC_IMPLEMENTATIONS = YES;
				CLANG_WARN_DIRECT_OBJC_ISA_USAGE = YES_ERROR;
				CLANG_WARN_DOCUMENTATION_COMMENTS = YES;
				CLANG_WARN_EMPTY_BODY = YES;
				CLANG_WARN_ENUM_CONVERSION = YES;
				CLANG_WARN_INFINITE_RECURSION = YES;
				CLANG_WARN_INT_CONVERSION = YES;
				CLANG_WARN_NON_LITERAL_NULL_CONVERSION = YES;
				CLANG_WARN_OBJC_IMPLICIT_RETAIN_SELF = YES;
				CLANG_WARN_OBJC_LITERAL_CONVERSION = YES;
				CLANG_WARN_OBJC_ROOT_CLASS = YES_ERROR;
				CLANG_WARN_QUOTED_INCLUDE_IN_FRAMEWORK_HEADER = YES;
				CLANG_WARN_RANGE_LOOP_ANALYSIS = YES;
				CLANG_WARN_STRICT_PROTOTYPES = YES;
				CLANG_WARN_SUSPICIOUS_MOVE = YES;
				CLANG_WARN_UNGUARDED_AVAILABILITY = YES_AGGRESSIVE;
				CLANG_WARN_UNREACHABLE_CODE = YES;
				CLANG_WARN__DUPLICATE_METHOD_MATCH = YES;
				COPY_PHASE_STRIP = NO;
				DEBUG_INFORMATION_FORMAT = dwarf;
				ENABLE_STRICT_OBJC_MSGSEND = YES;
				ENABLE_TESTABILITY = YES;
				GCC_C_LANGUAGE_STANDARD = gnu11;
				GCC_DYNAMIC_NO_PIC = NO;
				GCC_NO_COMMON_BLOCKS = YES;
				GCC_OPTIMIZATION_LEVEL = 0;
				GCC_PREPROCESSOR_DEFINITIONS = (
					"DEBUG=1",
					"$(inherited)",
				);
				GCC_WARN_64_TO_32_BIT_CONVERSION = YES;
				GCC_WARN_ABOUT_RETURN_TYPE = YES_ERROR;
				GCC_WARN_UNDECLARED_SELECTOR = YES;
				GCC_WARN_UNINITIALIZED_AUTOS = YES_AGGRESSIVE;
				GCC_WARN_UNUSED_FUNCTION = YES;
				GCC_WARN_UNUSED_VARIABLE = YES;
				IPHONEOS_DEPLOYMENT_TARGET = 16.2;
				MTL_ENABLE_DEBUG_INFO = INCLUDE_SOURCE;
				MTL_FAST_MATH = YES;
				ONLY_ACTIVE_ARCH = YES;
				SDKROOT = iphoneos;
				SWIFT_ACTIVE_COMPILATION_CONDITIONS = DEBUG;
				SWIFT_OPTIMIZATION_LEVEL = "-Onone";
			};
			name = Debug;
		};
		E115195729A0925C005E25DE /* Release */ = {
			isa = XCBuildConfiguration;
			buildSettings = {
				ALWAYS_SEARCH_USER_PATHS = NO;
				CLANG_ANALYZER_NONNULL = YES;
				CLANG_ANALYZER_NUMBER_OBJECT_CONVERSION = YES_AGGRESSIVE;
				CLANG_CXX_LANGUAGE_STANDARD = "gnu++20";
				CLANG_ENABLE_MODULES = YES;
				CLANG_ENABLE_OBJC_ARC = YES;
				CLANG_ENABLE_OBJC_WEAK = YES;
				CLANG_WARN_BLOCK_CAPTURE_AUTORELEASING = YES;
				CLANG_WARN_BOOL_CONVERSION = YES;
				CLANG_WARN_COMMA = YES;
				CLANG_WARN_CONSTANT_CONVERSION = YES;
				CLANG_WARN_DEPRECATED_OBJC_IMPLEMENTATIONS = YES;
				CLANG_WARN_DIRECT_OBJC_ISA_USAGE = YES_ERROR;
				CLANG_WARN_DOCUMENTATION_COMMENTS = YES;
				CLANG_WARN_EMPTY_BODY = YES;
				CLANG_WARN_ENUM_CONVERSION = YES;
				CLANG_WARN_INFINITE_RECURSION = YES;
				CLANG_WARN_INT_CONVERSION = YES;
				CLANG_WARN_NON_LITERAL_NULL_CONVERSION = YES;
				CLANG_WARN_OBJC_IMPLICIT_RETAIN_SELF = YES;
				CLANG_WARN_OBJC_LITERAL_CONVERSION = YES;
				CLANG_WARN_OBJC_ROOT_CLASS = YES_ERROR;
				CLANG_WARN_QUOTED_INCLUDE_IN_FRAMEWORK_HEADER = YES;
				CLANG_WARN_RANGE_LOOP_ANALYSIS = YES;
				CLANG_WARN_STRICT_PROTOTYPES = YES;
				CLANG_WARN_SUSPICIOUS_MOVE = YES;
				CLANG_WARN_UNGUARDED_AVAILABILITY = YES_AGGRESSIVE;
				CLANG_WARN_UNREACHABLE_CODE = YES;
				CLANG_WARN__DUPLICATE_METHOD_MATCH = YES;
				COPY_PHASE_STRIP = NO;
				DEBUG_INFORMATION_FORMAT = "dwarf-with-dsym";
				ENABLE_NS_ASSERTIONS = NO;
				ENABLE_STRICT_OBJC_MSGSEND = YES;
				GCC_C_LANGUAGE_STANDARD = gnu11;
				GCC_NO_COMMON_BLOCKS = YES;
				GCC_WARN_64_TO_32_BIT_CONVERSION = YES;
				GCC_WARN_ABOUT_RETURN_TYPE = YES_ERROR;
				GCC_WARN_UNDECLARED_SELECTOR = YES;
				GCC_WARN_UNINITIALIZED_AUTOS = YES_AGGRESSIVE;
				GCC_WARN_UNUSED_FUNCTION = YES;
				GCC_WARN_UNUSED_VARIABLE = YES;
				IPHONEOS_DEPLOYMENT_TARGET = 16.2;
				MTL_ENABLE_DEBUG_INFO = NO;
				MTL_FAST_MATH = YES;
				SDKROOT = iphoneos;
				SWIFT_COMPILATION_MODE = wholemodule;
				SWIFT_OPTIMIZATION_LEVEL = "-O";
				VALIDATE_PRODUCT = YES;
			};
			name = Release;
		};
		E115195929A0925C005E25DE /* Debug */ = {
			isa = XCBuildConfiguration;
			buildSettings = {
				ASSETCATALOG_COMPILER_APPICON_NAME = AppIcon;
				ASSETCATALOG_COMPILER_GLOBAL_ACCENT_COLOR_NAME = AccentColor;
				CODE_SIGN_STYLE = Automatic;
				CURRENT_PROJECT_VERSION = 1;
				DEVELOPMENT_ASSET_PATHS = "\"NasaGallery/Preview Content\"";
				DEVELOPMENT_TEAM = QYW3KH8L3F;
				ENABLE_PREVIEWS = YES;
				GENERATE_INFOPLIST_FILE = YES;
				INFOPLIST_FILE = NasaGallery/Info.plist;
				INFOPLIST_KEY_UIApplicationSceneManifest_Generation = YES;
				INFOPLIST_KEY_UIApplicationSupportsIndirectInputEvents = YES;
				INFOPLIST_KEY_UILaunchScreen_Generation = YES;
				INFOPLIST_KEY_UILaunchStoryboardName = LaunchScreen.storyboard;
				INFOPLIST_KEY_UISupportedInterfaceOrientations_iPad = "UIInterfaceOrientationPortrait UIInterfaceOrientationPortraitUpsideDown UIInterfaceOrientationLandscapeLeft UIInterfaceOrientationLandscapeRight";
				INFOPLIST_KEY_UISupportedInterfaceOrientations_iPhone = "UIInterfaceOrientationPortrait UIInterfaceOrientationLandscapeLeft UIInterfaceOrientationLandscapeRight";
				LD_RUNPATH_SEARCH_PATHS = (
					"$(inherited)",
					"@executable_path/Frameworks",
				);
				MARKETING_VERSION = 1.0;
				PRODUCT_BUNDLE_IDENTIFIER = com.fanfare.NasaGallery;
				PRODUCT_NAME = "$(TARGET_NAME)";
				SWIFT_EMIT_LOC_STRINGS = YES;
				SWIFT_VERSION = 5.0;
				TARGETED_DEVICE_FAMILY = "1,2";
			};
			name = Debug;
		};
		E115195A29A0925C005E25DE /* Release */ = {
			isa = XCBuildConfiguration;
			buildSettings = {
				ASSETCATALOG_COMPILER_APPICON_NAME = AppIcon;
				ASSETCATALOG_COMPILER_GLOBAL_ACCENT_COLOR_NAME = AccentColor;
				CODE_SIGN_STYLE = Automatic;
				CURRENT_PROJECT_VERSION = 1;
				DEVELOPMENT_ASSET_PATHS = "\"NasaGallery/Preview Content\"";
				DEVELOPMENT_TEAM = QYW3KH8L3F;
				ENABLE_PREVIEWS = YES;
				GENERATE_INFOPLIST_FILE = YES;
				INFOPLIST_FILE = NasaGallery/Info.plist;
				INFOPLIST_KEY_UIApplicationSceneManifest_Generation = YES;
				INFOPLIST_KEY_UIApplicationSupportsIndirectInputEvents = YES;
				INFOPLIST_KEY_UILaunchScreen_Generation = YES;
				INFOPLIST_KEY_UILaunchStoryboardName = LaunchScreen.storyboard;
				INFOPLIST_KEY_UISupportedInterfaceOrientations_iPad = "UIInterfaceOrientationPortrait UIInterfaceOrientationPortraitUpsideDown UIInterfaceOrientationLandscapeLeft UIInterfaceOrientationLandscapeRight";
				INFOPLIST_KEY_UISupportedInterfaceOrientations_iPhone = "UIInterfaceOrientationPortrait UIInterfaceOrientationLandscapeLeft UIInterfaceOrientationLandscapeRight";
				LD_RUNPATH_SEARCH_PATHS = (
					"$(inherited)",
					"@executable_path/Frameworks",
				);
				MARKETING_VERSION = 1.0;
				PRODUCT_BUNDLE_IDENTIFIER = com.fanfare.NasaGallery;
				PRODUCT_NAME = "$(TARGET_NAME)";
				SWIFT_EMIT_LOC_STRINGS = YES;
				SWIFT_VERSION = 5.0;
				TARGETED_DEVICE_FAMILY = "1,2";
			};
			name = Release;
		};
		E115195C29A0925C005E25DE /* Debug */ = {
			isa = XCBuildConfiguration;
			buildSettings = {
				ALWAYS_EMBED_SWIFT_STANDARD_LIBRARIES = YES;
				BUNDLE_LOADER = "$(TEST_HOST)";
				CODE_SIGN_STYLE = Automatic;
				CURRENT_PROJECT_VERSION = 1;
				DEVELOPMENT_TEAM = QYW3KH8L3F;
				GENERATE_INFOPLIST_FILE = YES;
				IPHONEOS_DEPLOYMENT_TARGET = 16.2;
				MARKETING_VERSION = 1.0;
				PRODUCT_BUNDLE_IDENTIFIER = com.fanfare.NasaGalleryTests;
				PRODUCT_NAME = "$(TARGET_NAME)";
				SWIFT_EMIT_LOC_STRINGS = NO;
				SWIFT_VERSION = 5.0;
				TARGETED_DEVICE_FAMILY = "1,2";
				TEST_HOST = "$(BUILT_PRODUCTS_DIR)/NasaGallery.app/$(BUNDLE_EXECUTABLE_FOLDER_PATH)/NasaGallery";
			};
			name = Debug;
		};
		E115195D29A0925C005E25DE /* Release */ = {
			isa = XCBuildConfiguration;
			buildSettings = {
				ALWAYS_EMBED_SWIFT_STANDARD_LIBRARIES = YES;
				BUNDLE_LOADER = "$(TEST_HOST)";
				CODE_SIGN_STYLE = Automatic;
				CURRENT_PROJECT_VERSION = 1;
				DEVELOPMENT_TEAM = QYW3KH8L3F;
				GENERATE_INFOPLIST_FILE = YES;
				IPHONEOS_DEPLOYMENT_TARGET = 16.2;
				MARKETING_VERSION = 1.0;
				PRODUCT_BUNDLE_IDENTIFIER = com.fanfare.NasaGalleryTests;
				PRODUCT_NAME = "$(TARGET_NAME)";
				SWIFT_EMIT_LOC_STRINGS = NO;
				SWIFT_VERSION = 5.0;
				TARGETED_DEVICE_FAMILY = "1,2";
				TEST_HOST = "$(BUILT_PRODUCTS_DIR)/NasaGallery.app/$(BUNDLE_EXECUTABLE_FOLDER_PATH)/NasaGallery";
			};
			name = Release;
		};
		E115195F29A0925C005E25DE /* Debug */ = {
			isa = XCBuildConfiguration;
			buildSettings = {
				ALWAYS_EMBED_SWIFT_STANDARD_LIBRARIES = YES;
				CODE_SIGN_STYLE = Automatic;
				CURRENT_PROJECT_VERSION = 1;
				DEVELOPMENT_TEAM = QYW3KH8L3F;
				GENERATE_INFOPLIST_FILE = YES;
				MARKETING_VERSION = 1.0;
				PRODUCT_BUNDLE_IDENTIFIER = com.fanfare.NasaGalleryUITests;
				PRODUCT_NAME = "$(TARGET_NAME)";
				SWIFT_EMIT_LOC_STRINGS = NO;
				SWIFT_VERSION = 5.0;
				TARGETED_DEVICE_FAMILY = "1,2";
				TEST_TARGET_NAME = NasaGallery;
			};
			name = Debug;
		};
		E115196029A0925C005E25DE /* Release */ = {
			isa = XCBuildConfiguration;
			buildSettings = {
				ALWAYS_EMBED_SWIFT_STANDARD_LIBRARIES = YES;
				CODE_SIGN_STYLE = Automatic;
				CURRENT_PROJECT_VERSION = 1;
				DEVELOPMENT_TEAM = QYW3KH8L3F;
				GENERATE_INFOPLIST_FILE = YES;
				MARKETING_VERSION = 1.0;
				PRODUCT_BUNDLE_IDENTIFIER = com.fanfare.NasaGalleryUITests;
				PRODUCT_NAME = "$(TARGET_NAME)";
				SWIFT_EMIT_LOC_STRINGS = NO;
				SWIFT_VERSION = 5.0;
				TARGETED_DEVICE_FAMILY = "1,2";
				TEST_TARGET_NAME = NasaGallery;
			};
			name = Release;
		};
/* End XCBuildConfiguration section */

/* Begin XCConfigurationList section */
		E115192A29A0925B005E25DE /* Build configuration list for PBXProject "NasaGallery" */ = {
			isa = XCConfigurationList;
			buildConfigurations = (
				E115195629A0925C005E25DE /* Debug */,
				E115195729A0925C005E25DE /* Release */,
			);
			defaultConfigurationIsVisible = 0;
			defaultConfigurationName = Release;
		};
		E115195829A0925C005E25DE /* Build configuration list for PBXNativeTarget "NasaGallery" */ = {
			isa = XCConfigurationList;
			buildConfigurations = (
				E115195929A0925C005E25DE /* Debug */,
				E115195A29A0925C005E25DE /* Release */,
			);
			defaultConfigurationIsVisible = 0;
			defaultConfigurationName = Release;
		};
		E115195B29A0925C005E25DE /* Build configuration list for PBXNativeTarget "NasaGalleryTests" */ = {
			isa = XCConfigurationList;
			buildConfigurations = (
				E115195C29A0925C005E25DE /* Debug */,
				E115195D29A0925C005E25DE /* Release */,
			);
			defaultConfigurationIsVisible = 0;
			defaultConfigurationName = Release;
		};
		E115195E29A0925C005E25DE /* Build configuration list for PBXNativeTarget "NasaGalleryUITests" */ = {
			isa = XCConfigurationList;
			buildConfigurations = (
				E115195F29A0925C005E25DE /* Debug */,
				E115196029A0925C005E25DE /* Release */,
			);
			defaultConfigurationIsVisible = 0;
			defaultConfigurationName = Release;
		};
/* End XCConfigurationList section */

/* Begin XCRemoteSwiftPackageReference section */
		E115199929A38A8A005E25DE /* XCRemoteSwiftPackageReference "swiftui-cached-async-image" */ = {
			isa = XCRemoteSwiftPackageReference;
			repositoryURL = "https://github.com/lorenzofiamingo/swiftui-cached-async-image";
			requirement = {
				branch = main;
				kind = branch;
			};
		};
		E11519AC29A3EBC9005E25DE /* XCRemoteSwiftPackageReference "SimpleToast" */ = {
			isa = XCRemoteSwiftPackageReference;
			repositoryURL = "https://github.com/sanzaru/SimpleToast";
			requirement = {
				kind = upToNextMajorVersion;
				minimumVersion = 0.6.2;
			};
		};
/* End XCRemoteSwiftPackageReference section */

/* Begin XCSwiftPackageProductDependency section */
		E115199A29A38A8A005E25DE /* CachedAsyncImage */ = {
			isa = XCSwiftPackageProductDependency;
			package = E115199929A38A8A005E25DE /* XCRemoteSwiftPackageReference "swiftui-cached-async-image" */;
			productName = CachedAsyncImage;
		};
		E11519AD29A3EBC9005E25DE /* SimpleToast */ = {
			isa = XCSwiftPackageProductDependency;
			package = E11519AC29A3EBC9005E25DE /* XCRemoteSwiftPackageReference "SimpleToast" */;
			productName = SimpleToast;
		};
/* End XCSwiftPackageProductDependency section */

/* Begin XCVersionGroup section */
		E115193D29A0925C005E25DE /* NasaGallery.xcdatamodeld */ = {
			isa = XCVersionGroup;
			children = (
				E115193E29A0925C005E25DE /* NasaGallery.xcdatamodel */,
			);
			currentVersion = E115193E29A0925C005E25DE /* NasaGallery.xcdatamodel */;
			path = NasaGallery.xcdatamodeld;
			sourceTree = "<group>";
			versionGroupType = wrapper.xcdatamodel;
		};
/* End XCVersionGroup section */
	};
	rootObject = E115192729A0925B005E25DE /* Project object */;
}
